
Microsoft Visual Studio Solution File, Format Version 12.00
# Visual Studio Version 17
VisualStudioVersion = 17.6.33829.357
MinimumVisualStudioVersion = 10.0.40219.1
Project("{8BC9CEB8-8B4A-11D0-8D11-00A0C91BC942}") = "2ProyectMap", "2ProyectMap.vcxproj", "{8AFF55E8-6067-43AE-BF8D-C8EB102A26FE}"
EndProject
Global
	GlobalSection(SolutionConfigurationPlatforms) = preSolution
		Debug|x64 = Debug|x64
		Debug|x86 = Debug|x86
		Release|x64 = Release|x64
		Release|x86 = Release|x86
	EndGlobalSection
	GlobalSection(ProjectConfigurationPlatforms) = postSolution
		{8AFF55E8-6067-43AE-BF8D-C8EB102A26FE}.Debug|x64.ActiveCfg = Debug|x64
		{8AFF55E8-6067-43AE-BF8D-C8EB102A26FE}.Debug|x64.Build.0 = Debug|x64
		{8AFF55E8-6067-43AE-BF8D-C8EB102A26FE}.Debug|x86.ActiveCfg = Debug|Win32
		{8AFF55E8-6067-43AE-BF8D-C8EB102A26FE}.Debug|x86.Build.0 = Debug|Win32
		{8AFF55E8-6067-43AE-BF8D-C8EB102A26FE}.Release|x64.ActiveCfg = Release|x64
		{8AFF55E8-6067-43AE-BF8D-C8EB102A26FE}.Release|x64.Build.0 = Release|x64
		{8AFF55E8-6067-43AE-BF8D-C8EB102A26FE}.Release|x86.ActiveCfg = Release|Win32
		{8AFF55E8-6067-43AE-BF8D-C8EB102A26FE}.Release|x86.Build.0 = Release|Win32
	EndGlobalSection
	GlobalSection(SolutionProperties) = preSolution
		HideSolutionNode = FALSE
	EndGlobalSection
	GlobalSection(ExtensibilityGlobals) = postSolution
		SolutionGuid = {5FF2B9A0-462E-4E54-9DB4-0771946DF3ED}
	EndGlobalSection
EndGlobal
